# This file is automatically @generated by Cargo.
# It is not intended for manual editing.
version = 4

[[package]]
name = "libsummit"
version = "0.1.0"

[[package]]
name = "summit-core"
version = "0.1.0"

[[package]]
name = "summit-ctl"
version = "0.1.0"

[[package]]
name = "summitd"
version = "0.1.0"
